
Microsoft Visual Studio Solution File, Format Version 12.00
# Visual Studio Version 16
VisualStudioVersion = 16.0.30717.126
MinimumVisualStudioVersion = 10.0.40219.1
Project("{FAE04EC0-301F-11D3-BF4B-00C04F79EFBC}") = "Hardware", "Hardware\Hardware.csproj", "{0AB2B0D1-EC0A-4E9D-B6B5-0D93AC2297EC}"
EndProject
Global
	GlobalSection(SolutionConfigurationPlatforms) = preSolution
		Debug|Any CPU = Debug|Any CPU
		Release|Any CPU = Release|Any CPU
	EndGlobalSection
	GlobalSection(ProjectConfigurationPlatforms) = postSolution
		{0AB2B0D1-EC0A-4E9D-B6B5-0D93AC2297EC}.Debug|Any CPU.ActiveCfg = Debug|Any CPU
		{0AB2B0D1-EC0A-4E9D-B6B5-0D93AC2297EC}.Debug|Any CPU.Build.0 = Debug|Any CPU
		{0AB2B0D1-EC0A-4E9D-B6B5-0D93AC2297EC}.Release|Any CPU.ActiveCfg = Release|Any CPU
		{0AB2B0D1-EC0A-4E9D-B6B5-0D93AC2297EC}.Release|Any CPU.Build.0 = Release|Any CPU
	EndGlobalSection
	GlobalSection(SolutionProperties) = preSolution
		HideSolutionNode = FALSE
	EndGlobalSection
	GlobalSection(ExtensibilityGlobals) = postSolution
		SolutionGuid = {0C6589C3-8A9E-4499-B411-E998D7F9924A}
	EndGlobalSection
EndGlobal
